{
  "name": "node-app-test",
  "version": "1.0.0",
  "lockfileVersion": 1,
  "requires": true,
  "dependencies": {
    "lion-lib-96744": {
      "version": "1.0.0",
      "resolved": "https://registry.npmjs.org/lion-lib-96744/-/lion-lib-96744-1.0.0.tgz",
      "integrity": "sha512-Qq3ubutEWs3Sfkidy6rvSQTs/Q1D7AEabNWh7lnayvrSAMA5RC1jnehhGHo/6UB9VlNJZ4y591XBwl3mPnSbIQ=="
    }
  }
}
